
Microsoft Visual Studio Solution File, Format Version 12.00
# Visual Studio 15
VisualStudioVersion = 15.0.28307.136
MinimumVisualStudioVersion = 10.0.40219.1
Project("{9A19103F-16F7-4668-BE54-9A1E7A4F7556}") = "User.API", "src\User.API\User.API.csproj", "{B941F647-9E3A-47D2-B518-20E872415488}"
EndProject
Project("{2150E333-8FDC-42A3-9474-1A3956D46DE8}") = "Tests", "Tests", "{9D5A0C29-E960-4D57-86AE-26D4928668A2}"
EndProject
Project("{9A19103F-16F7-4668-BE54-9A1E7A4F7556}") = "User.API.UnitTests", "src\User.API.UnitTests\User.API.UnitTests.csproj", "{70B9F8D7-8190-43DF-AAB1-AC41EC8B5E17}"
EndProject
Project("{9A19103F-16F7-4668-BE54-9A1E7A4F7556}") = "Identity.API", "src\Identity.API\Identity.API.csproj", "{13496A37-9F22-4ABB-BDCF-C5DD5FB7BCB3}"
EndProject
Project("{9A19103F-16F7-4668-BE54-9A1E7A4F7556}") = "Ocelot.API", "src\Ocelot.API\Ocelot.API.csproj", "{2FCA5B4E-A8BF-46D6-AAF6-7123DAE130C4}"
EndProject
Project("{2150E333-8FDC-42A3-9474-1A3956D46DE8}") = "BuildingBlocks", "BuildingBlocks", "{A98D1B19-7297-48E3-8006-7723A7E22387}"
EndProject
Project("{2150E333-8FDC-42A3-9474-1A3956D46DE8}") = "Resilience", "Resilience", "{A5E162E8-BC5E-4FBC-ADEA-49226A347D9C}"
EndProject
Project("{9A19103F-16F7-4668-BE54-9A1E7A4F7556}") = "Resilience.Http", "src\BuildingBlocks\Resilience\Resilience.Http\Resilience.Http.csproj", "{8113A1EE-920E-4F5B-BBA1-E130AE1FE446}"
EndProject
Project("{2150E333-8FDC-42A3-9474-1A3956D46DE8}") = "ServiceDiscovery", "ServiceDiscovery", "{B583B724-2B82-4669-9FA3-468749156712}"
EndProject
Project("{9A19103F-16F7-4668-BE54-9A1E7A4F7556}") = "ServiceDiscovery.Consul", "src\BuildingBlocks\ServiceDiscovery.Consul\ServiceDiscovery.Consul.csproj", "{F85A3578-685D-4FF9-BB74-0C16311B3A45}"
EndProject
Project("{9A19103F-16F7-4668-BE54-9A1E7A4F7556}") = "Contact.API", "src\Contact.API\Contact.API.csproj", "{F582B6FB-4D3E-4E41-A7DD-D097581BF609}"
EndProject
Project("{2150E333-8FDC-42A3-9474-1A3956D46DE8}") = "EventBus", "EventBus", "{82BE5A1C-F6A7-42D2-BD05-DA2FE6F897FE}"
EndProject
Project("{2150E333-8FDC-42A3-9474-1A3956D46DE8}") = "MiscSamples", "MiscSamples", "{36E9AF7E-D439-4D2C-824D-2E55A80CD99C}"
EndProject
Project("{2150E333-8FDC-42A3-9474-1A3956D46DE8}") = "RabbitMQ", "RabbitMQ", "{A59E1477-766F-434A-80ED-D5D1CC2807F4}"
EndProject
Project("{9A19103F-16F7-4668-BE54-9A1E7A4F7556}") = "EventBus", "src\BuildingBlocks\EventBus\EventBus\EventBus.csproj", "{8B45972E-12C3-444D-8BEE-21A3BF688413}"
EndProject
Project("{9A19103F-16F7-4668-BE54-9A1E7A4F7556}") = "EventBus.RabbitMQ", "src\BuildingBlocks\EventBus\EventBus.RabbitMQ\EventBus.RabbitMQ.csproj", "{2C92E28C-5B58-46E1-927B-3D6B2826D9A1}"
EndProject
Project("{2150E333-8FDC-42A3-9474-1A3956D46DE8}") = "HelloWorld", "HelloWorld", "{73E84FDB-5995-4151-833E-4453D0F9F3D1}"
EndProject
Project("{2150E333-8FDC-42A3-9474-1A3956D46DE8}") = "WorkQueue", "WorkQueue", "{455ECD4C-28C2-43D7-8861-BA1B2AAE044D}"
EndProject
Project("{9A19103F-16F7-4668-BE54-9A1E7A4F7556}") = "RabbitMQ.Consumer", "src\MiscSamples\RabbitMQ\HelloWorld\RabbitMQ.Consumer\RabbitMQ.Consumer.csproj", "{3D209A6F-9352-4E60-A271-0DF493DECF8B}"
EndProject
Project("{9A19103F-16F7-4668-BE54-9A1E7A4F7556}") = "RabbitMQ.Publisher", "src\MiscSamples\RabbitMQ\HelloWorld\RabbitMQ.Publisher\RabbitMQ.Publisher.csproj", "{7DD53EE6-F1F9-41EE-95DA-E322BA1CB5AE}"
EndProject
Project("{9A19103F-16F7-4668-BE54-9A1E7A4F7556}") = "NewTask", "src\MiscSamples\RabbitMQ\WorkQueue\NewTask\NewTask.csproj", "{F92BEC1E-24B0-4858-9745-F2C57CC0D087}"
EndProject
Project("{9A19103F-16F7-4668-BE54-9A1E7A4F7556}") = "Worker", "src\MiscSamples\RabbitMQ\WorkQueue\Worker\Worker.csproj", "{B7A51013-3437-4B56-B723-7E6C97B78DED}"
EndProject
Project("{2150E333-8FDC-42A3-9474-1A3956D46DE8}") = "Publish-Subscribe-fanout", "Publish-Subscribe-fanout", "{A5604C70-A626-45A2-B169-3FBA27A09816}"
EndProject
Project("{9A19103F-16F7-4668-BE54-9A1E7A4F7556}") = "EmitLog", "src\MiscSamples\RabbitMQ\Pubish-Subscribe-fanout\EmitLog\EmitLog.csproj", "{D8812183-2AC2-4FE5-88F1-CF04E1C21C05}"
EndProject
Project("{9A19103F-16F7-4668-BE54-9A1E7A4F7556}") = "ReceiveLog", "src\MiscSamples\RabbitMQ\Pubish-Subscribe-fanout\ReceiveLog\ReceiveLog.csproj", "{E7394E0E-F861-4006-A792-AD8931DD72BB}"
EndProject
Project("{2150E333-8FDC-42A3-9474-1A3956D46DE8}") = "Pubish-Subscribe-direct", "Pubish-Subscribe-direct", "{00269E0D-D3D5-4FD2-9E86-190F31A2F94C}"
EndProject
Project("{9A19103F-16F7-4668-BE54-9A1E7A4F7556}") = "EmitLogDirect", "src\MiscSamples\RabbitMQ\Pubish-Subscribe-direct\EmitLogDirect\EmitLogDirect.csproj", "{8ED8026E-BA46-4264-803D-70B82407A23C}"
EndProject
Project("{9A19103F-16F7-4668-BE54-9A1E7A4F7556}") = "ReceiveLogDirect", "src\MiscSamples\RabbitMQ\Pubish-Subscribe-direct\ReceiveLogDirect\ReceiveLogDirect.csproj", "{719DBE1D-AE7D-4A5F-8F5C-97D10CD1C7BF}"
EndProject
Project("{2150E333-8FDC-42A3-9474-1A3956D46DE8}") = "Publish-Subscribe-topic", "Publish-Subscribe-topic", "{F9CB8FDA-D5A8-4836-ABE3-DBB107C19480}"
EndProject
Project("{9A19103F-16F7-4668-BE54-9A1E7A4F7556}") = "EmitLogTopic", "src\MiscSamples\RabbitMQ\Publish-Subscribe-topic\EmitLogTopic\EmitLogTopic.csproj", "{04C3D724-4864-49C5-B7E2-1D083A95C538}"
EndProject
Project("{9A19103F-16F7-4668-BE54-9A1E7A4F7556}") = "ReceiveLogsTopic", "src\MiscSamples\RabbitMQ\Publish-Subscribe-topic\ReceiveLogsTopic\ReceiveLogsTopic.csproj", "{85886E0D-B9E8-4033-A636-229A16DCB6C3}"
EndProject
Project("{2150E333-8FDC-42A3-9474-1A3956D46DE8}") = "RPC", "RPC", "{5126F1D8-11FA-433A-ABF5-AEA30AD4D695}"
EndProject
Project("{9A19103F-16F7-4668-BE54-9A1E7A4F7556}") = "RPCServer", "src\MiscSamples\RabbitMQ\RPC\RPCServer\RPCServer.csproj", "{BE759EAA-85F9-4AF3-A251-9262C3022482}"
EndProject
Project("{9A19103F-16F7-4668-BE54-9A1E7A4F7556}") = "RPCClient", "src\MiscSamples\RabbitMQ\RPC\RPCClient\RPCClient.csproj", "{5BD939DA-1B1D-4E4D-AD2C-7DD609689E36}"
EndProject
Project("{2150E333-8FDC-42A3-9474-1A3956D46DE8}") = "MediatR", "MediatR", "{F6629A38-0B98-4848-936F-83601567DBB4}"
EndProject
Project("{FAE04EC0-301F-11D3-BF4B-00C04F79EFBC}") = "CQRSSample", "src\MiscSamples\MediatR\CQRSSample\CQRSSample.csproj", "{150FB091-1228-457C-BCCF-DC284F05FA31}"
EndProject
Project("{2150E333-8FDC-42A3-9474-1A3956D46DE8}") = "Projects", "Projects", "{66C1980A-5ECA-42A5-914B-833BEE4F6807}"
EndProject
Project("{FAE04EC0-301F-11D3-BF4B-00C04F79EFBC}") = "Projects.API", "src\Projects\Projects.API\Projects.API.csproj", "{9C678BF9-6D67-4D5E-B631-30AD4F72C444}"
EndProject
Project("{FAE04EC0-301F-11D3-BF4B-00C04F79EFBC}") = "Projects.Domain", "src\Projects\Projects.Domain\Projects.Domain.csproj", "{9FD3F1FA-E2AD-436F-8E8B-32936E90483E}"
EndProject
Project("{FAE04EC0-301F-11D3-BF4B-00C04F79EFBC}") = "Projects.Infrastructure", "src\Projects\Projects.Infrastructure\Projects.Infrastructure.csproj", "{A814B52D-BAD4-4782-B039-4232646DC599}"
EndProject
Global
	GlobalSection(SolutionConfigurationPlatforms) = preSolution
		Debug|Any CPU = Debug|Any CPU
		Release|Any CPU = Release|Any CPU
	EndGlobalSection
	GlobalSection(ProjectConfigurationPlatforms) = postSolution
		{B941F647-9E3A-47D2-B518-20E872415488}.Debug|Any CPU.ActiveCfg = Debug|Any CPU
		{B941F647-9E3A-47D2-B518-20E872415488}.Debug|Any CPU.Build.0 = Debug|Any CPU
		{B941F647-9E3A-47D2-B518-20E872415488}.Release|Any CPU.ActiveCfg = Release|Any CPU
		{B941F647-9E3A-47D2-B518-20E872415488}.Release|Any CPU.Build.0 = Release|Any CPU
		{70B9F8D7-8190-43DF-AAB1-AC41EC8B5E17}.Debug|Any CPU.ActiveCfg = Debug|Any CPU
		{70B9F8D7-8190-43DF-AAB1-AC41EC8B5E17}.Debug|Any CPU.Build.0 = Debug|Any CPU
		{70B9F8D7-8190-43DF-AAB1-AC41EC8B5E17}.Release|Any CPU.ActiveCfg = Release|Any CPU
		{70B9F8D7-8190-43DF-AAB1-AC41EC8B5E17}.Release|Any CPU.Build.0 = Release|Any CPU
		{13496A37-9F22-4ABB-BDCF-C5DD5FB7BCB3}.Debug|Any CPU.ActiveCfg = Debug|Any CPU
		{13496A37-9F22-4ABB-BDCF-C5DD5FB7BCB3}.Debug|Any CPU.Build.0 = Debug|Any CPU
		{13496A37-9F22-4ABB-BDCF-C5DD5FB7BCB3}.Release|Any CPU.ActiveCfg = Release|Any CPU
		{13496A37-9F22-4ABB-BDCF-C5DD5FB7BCB3}.Release|Any CPU.Build.0 = Release|Any CPU
		{2FCA5B4E-A8BF-46D6-AAF6-7123DAE130C4}.Debug|Any CPU.ActiveCfg = Debug|Any CPU
		{2FCA5B4E-A8BF-46D6-AAF6-7123DAE130C4}.Debug|Any CPU.Build.0 = Debug|Any CPU
		{2FCA5B4E-A8BF-46D6-AAF6-7123DAE130C4}.Release|Any CPU.ActiveCfg = Release|Any CPU
		{2FCA5B4E-A8BF-46D6-AAF6-7123DAE130C4}.Release|Any CPU.Build.0 = Release|Any CPU
		{8113A1EE-920E-4F5B-BBA1-E130AE1FE446}.Debug|Any CPU.ActiveCfg = Debug|Any CPU
		{8113A1EE-920E-4F5B-BBA1-E130AE1FE446}.Debug|Any CPU.Build.0 = Debug|Any CPU
		{8113A1EE-920E-4F5B-BBA1-E130AE1FE446}.Release|Any CPU.ActiveCfg = Release|Any CPU
		{8113A1EE-920E-4F5B-BBA1-E130AE1FE446}.Release|Any CPU.Build.0 = Release|Any CPU
		{F85A3578-685D-4FF9-BB74-0C16311B3A45}.Debug|Any CPU.ActiveCfg = Debug|Any CPU
		{F85A3578-685D-4FF9-BB74-0C16311B3A45}.Debug|Any CPU.Build.0 = Debug|Any CPU
		{F85A3578-685D-4FF9-BB74-0C16311B3A45}.Release|Any CPU.ActiveCfg = Release|Any CPU
		{F85A3578-685D-4FF9-BB74-0C16311B3A45}.Release|Any CPU.Build.0 = Release|Any CPU
		{F582B6FB-4D3E-4E41-A7DD-D097581BF609}.Debug|Any CPU.ActiveCfg = Debug|Any CPU
		{F582B6FB-4D3E-4E41-A7DD-D097581BF609}.Debug|Any CPU.Build.0 = Debug|Any CPU
		{F582B6FB-4D3E-4E41-A7DD-D097581BF609}.Release|Any CPU.ActiveCfg = Release|Any CPU
		{F582B6FB-4D3E-4E41-A7DD-D097581BF609}.Release|Any CPU.Build.0 = Release|Any CPU
		{8B45972E-12C3-444D-8BEE-21A3BF688413}.Debug|Any CPU.ActiveCfg = Debug|Any CPU
		{8B45972E-12C3-444D-8BEE-21A3BF688413}.Debug|Any CPU.Build.0 = Debug|Any CPU
		{8B45972E-12C3-444D-8BEE-21A3BF688413}.Release|Any CPU.ActiveCfg = Release|Any CPU
		{8B45972E-12C3-444D-8BEE-21A3BF688413}.Release|Any CPU.Build.0 = Release|Any CPU
		{2C92E28C-5B58-46E1-927B-3D6B2826D9A1}.Debug|Any CPU.ActiveCfg = Debug|Any CPU
		{2C92E28C-5B58-46E1-927B-3D6B2826D9A1}.Debug|Any CPU.Build.0 = Debug|Any CPU
		{2C92E28C-5B58-46E1-927B-3D6B2826D9A1}.Release|Any CPU.ActiveCfg = Release|Any CPU
		{2C92E28C-5B58-46E1-927B-3D6B2826D9A1}.Release|Any CPU.Build.0 = Release|Any CPU
		{3D209A6F-9352-4E60-A271-0DF493DECF8B}.Debug|Any CPU.ActiveCfg = Debug|Any CPU
		{3D209A6F-9352-4E60-A271-0DF493DECF8B}.Debug|Any CPU.Build.0 = Debug|Any CPU
		{3D209A6F-9352-4E60-A271-0DF493DECF8B}.Release|Any CPU.ActiveCfg = Release|Any CPU
		{3D209A6F-9352-4E60-A271-0DF493DECF8B}.Release|Any CPU.Build.0 = Release|Any CPU
		{7DD53EE6-F1F9-41EE-95DA-E322BA1CB5AE}.Debug|Any CPU.ActiveCfg = Debug|Any CPU
		{7DD53EE6-F1F9-41EE-95DA-E322BA1CB5AE}.Debug|Any CPU.Build.0 = Debug|Any CPU
		{7DD53EE6-F1F9-41EE-95DA-E322BA1CB5AE}.Release|Any CPU.ActiveCfg = Release|Any CPU
		{7DD53EE6-F1F9-41EE-95DA-E322BA1CB5AE}.Release|Any CPU.Build.0 = Release|Any CPU
		{F92BEC1E-24B0-4858-9745-F2C57CC0D087}.Debug|Any CPU.ActiveCfg = Debug|Any CPU
		{F92BEC1E-24B0-4858-9745-F2C57CC0D087}.Debug|Any CPU.Build.0 = Debug|Any CPU
		{F92BEC1E-24B0-4858-9745-F2C57CC0D087}.Release|Any CPU.ActiveCfg = Release|Any CPU
		{F92BEC1E-24B0-4858-9745-F2C57CC0D087}.Release|Any CPU.Build.0 = Release|Any CPU
		{B7A51013-3437-4B56-B723-7E6C97B78DED}.Debug|Any CPU.ActiveCfg = Debug|Any CPU
		{B7A51013-3437-4B56-B723-7E6C97B78DED}.Debug|Any CPU.Build.0 = Debug|Any CPU
		{B7A51013-3437-4B56-B723-7E6C97B78DED}.Release|Any CPU.ActiveCfg = Release|Any CPU
		{B7A51013-3437-4B56-B723-7E6C97B78DED}.Release|Any CPU.Build.0 = Release|Any CPU
		{D8812183-2AC2-4FE5-88F1-CF04E1C21C05}.Debug|Any CPU.ActiveCfg = Debug|Any CPU
		{D8812183-2AC2-4FE5-88F1-CF04E1C21C05}.Debug|Any CPU.Build.0 = Debug|Any CPU
		{D8812183-2AC2-4FE5-88F1-CF04E1C21C05}.Release|Any CPU.ActiveCfg = Release|Any CPU
		{D8812183-2AC2-4FE5-88F1-CF04E1C21C05}.Release|Any CPU.Build.0 = Release|Any CPU
		{E7394E0E-F861-4006-A792-AD8931DD72BB}.Debug|Any CPU.ActiveCfg = Debug|Any CPU
		{E7394E0E-F861-4006-A792-AD8931DD72BB}.Debug|Any CPU.Build.0 = Debug|Any CPU
		{E7394E0E-F861-4006-A792-AD8931DD72BB}.Release|Any CPU.ActiveCfg = Release|Any CPU
		{E7394E0E-F861-4006-A792-AD8931DD72BB}.Release|Any CPU.Build.0 = Release|Any CPU
		{8ED8026E-BA46-4264-803D-70B82407A23C}.Debug|Any CPU.ActiveCfg = Debug|Any CPU
		{8ED8026E-BA46-4264-803D-70B82407A23C}.Debug|Any CPU.Build.0 = Debug|Any CPU
		{8ED8026E-BA46-4264-803D-70B82407A23C}.Release|Any CPU.ActiveCfg = Release|Any CPU
		{8ED8026E-BA46-4264-803D-70B82407A23C}.Release|Any CPU.Build.0 = Release|Any CPU
		{719DBE1D-AE7D-4A5F-8F5C-97D10CD1C7BF}.Debug|Any CPU.ActiveCfg = Debug|Any CPU
		{719DBE1D-AE7D-4A5F-8F5C-97D10CD1C7BF}.Debug|Any CPU.Build.0 = Debug|Any CPU
		{719DBE1D-AE7D-4A5F-8F5C-97D10CD1C7BF}.Release|Any CPU.ActiveCfg = Release|Any CPU
		{719DBE1D-AE7D-4A5F-8F5C-97D10CD1C7BF}.Release|Any CPU.Build.0 = Release|Any CPU
		{04C3D724-4864-49C5-B7E2-1D083A95C538}.Debug|Any CPU.ActiveCfg = Debug|Any CPU
		{04C3D724-4864-49C5-B7E2-1D083A95C538}.Debug|Any CPU.Build.0 = Debug|Any CPU
		{04C3D724-4864-49C5-B7E2-1D083A95C538}.Release|Any CPU.ActiveCfg = Release|Any CPU
		{04C3D724-4864-49C5-B7E2-1D083A95C538}.Release|Any CPU.Build.0 = Release|Any CPU
		{85886E0D-B9E8-4033-A636-229A16DCB6C3}.Debug|Any CPU.ActiveCfg = Debug|Any CPU
		{85886E0D-B9E8-4033-A636-229A16DCB6C3}.Debug|Any CPU.Build.0 = Debug|Any CPU
		{85886E0D-B9E8-4033-A636-229A16DCB6C3}.Release|Any CPU.ActiveCfg = Release|Any CPU
		{85886E0D-B9E8-4033-A636-229A16DCB6C3}.Release|Any CPU.Build.0 = Release|Any CPU
		{BE759EAA-85F9-4AF3-A251-9262C3022482}.Debug|Any CPU.ActiveCfg = Debug|Any CPU
		{BE759EAA-85F9-4AF3-A251-9262C3022482}.Debug|Any CPU.Build.0 = Debug|Any CPU
		{BE759EAA-85F9-4AF3-A251-9262C3022482}.Release|Any CPU.ActiveCfg = Release|Any CPU
		{BE759EAA-85F9-4AF3-A251-9262C3022482}.Release|Any CPU.Build.0 = Release|Any CPU
		{5BD939DA-1B1D-4E4D-AD2C-7DD609689E36}.Debug|Any CPU.ActiveCfg = Debug|Any CPU
		{5BD939DA-1B1D-4E4D-AD2C-7DD609689E36}.Debug|Any CPU.Build.0 = Debug|Any CPU
		{5BD939DA-1B1D-4E4D-AD2C-7DD609689E36}.Release|Any CPU.ActiveCfg = Release|Any CPU
		{5BD939DA-1B1D-4E4D-AD2C-7DD609689E36}.Release|Any CPU.Build.0 = Release|Any CPU
		{150FB091-1228-457C-BCCF-DC284F05FA31}.Debug|Any CPU.ActiveCfg = Debug|Any CPU
		{150FB091-1228-457C-BCCF-DC284F05FA31}.Debug|Any CPU.Build.0 = Debug|Any CPU
		{150FB091-1228-457C-BCCF-DC284F05FA31}.Release|Any CPU.ActiveCfg = Release|Any CPU
		{150FB091-1228-457C-BCCF-DC284F05FA31}.Release|Any CPU.Build.0 = Release|Any CPU
		{9C678BF9-6D67-4D5E-B631-30AD4F72C444}.Debug|Any CPU.ActiveCfg = Debug|Any CPU
		{9C678BF9-6D67-4D5E-B631-30AD4F72C444}.Debug|Any CPU.Build.0 = Debug|Any CPU
		{9C678BF9-6D67-4D5E-B631-30AD4F72C444}.Release|Any CPU.ActiveCfg = Release|Any CPU
		{9C678BF9-6D67-4D5E-B631-30AD4F72C444}.Release|Any CPU.Build.0 = Release|Any CPU
		{9FD3F1FA-E2AD-436F-8E8B-32936E90483E}.Debug|Any CPU.ActiveCfg = Debug|Any CPU
		{9FD3F1FA-E2AD-436F-8E8B-32936E90483E}.Debug|Any CPU.Build.0 = Debug|Any CPU
		{9FD3F1FA-E2AD-436F-8E8B-32936E90483E}.Release|Any CPU.ActiveCfg = Release|Any CPU
		{9FD3F1FA-E2AD-436F-8E8B-32936E90483E}.Release|Any CPU.Build.0 = Release|Any CPU
		{A814B52D-BAD4-4782-B039-4232646DC599}.Debug|Any CPU.ActiveCfg = Debug|Any CPU
		{A814B52D-BAD4-4782-B039-4232646DC599}.Debug|Any CPU.Build.0 = Debug|Any CPU
		{A814B52D-BAD4-4782-B039-4232646DC599}.Release|Any CPU.ActiveCfg = Release|Any CPU
		{A814B52D-BAD4-4782-B039-4232646DC599}.Release|Any CPU.Build.0 = Release|Any CPU
	EndGlobalSection
	GlobalSection(SolutionProperties) = preSolution
		HideSolutionNode = FALSE
	EndGlobalSection
	GlobalSection(NestedProjects) = preSolution
		{70B9F8D7-8190-43DF-AAB1-AC41EC8B5E17} = {9D5A0C29-E960-4D57-86AE-26D4928668A2}
		{A5E162E8-BC5E-4FBC-ADEA-49226A347D9C} = {A98D1B19-7297-48E3-8006-7723A7E22387}
		{8113A1EE-920E-4F5B-BBA1-E130AE1FE446} = {A5E162E8-BC5E-4FBC-ADEA-49226A347D9C}
		{B583B724-2B82-4669-9FA3-468749156712} = {A98D1B19-7297-48E3-8006-7723A7E22387}
		{F85A3578-685D-4FF9-BB74-0C16311B3A45} = {B583B724-2B82-4669-9FA3-468749156712}
		{82BE5A1C-F6A7-42D2-BD05-DA2FE6F897FE} = {A98D1B19-7297-48E3-8006-7723A7E22387}
		{A59E1477-766F-434A-80ED-D5D1CC2807F4} = {36E9AF7E-D439-4D2C-824D-2E55A80CD99C}
		{8B45972E-12C3-444D-8BEE-21A3BF688413} = {82BE5A1C-F6A7-42D2-BD05-DA2FE6F897FE}
		{2C92E28C-5B58-46E1-927B-3D6B2826D9A1} = {82BE5A1C-F6A7-42D2-BD05-DA2FE6F897FE}
		{73E84FDB-5995-4151-833E-4453D0F9F3D1} = {A59E1477-766F-434A-80ED-D5D1CC2807F4}
		{455ECD4C-28C2-43D7-8861-BA1B2AAE044D} = {A59E1477-766F-434A-80ED-D5D1CC2807F4}
		{3D209A6F-9352-4E60-A271-0DF493DECF8B} = {73E84FDB-5995-4151-833E-4453D0F9F3D1}
		{7DD53EE6-F1F9-41EE-95DA-E322BA1CB5AE} = {73E84FDB-5995-4151-833E-4453D0F9F3D1}
		{F92BEC1E-24B0-4858-9745-F2C57CC0D087} = {455ECD4C-28C2-43D7-8861-BA1B2AAE044D}
		{B7A51013-3437-4B56-B723-7E6C97B78DED} = {455ECD4C-28C2-43D7-8861-BA1B2AAE044D}
		{A5604C70-A626-45A2-B169-3FBA27A09816} = {A59E1477-766F-434A-80ED-D5D1CC2807F4}
		{D8812183-2AC2-4FE5-88F1-CF04E1C21C05} = {A5604C70-A626-45A2-B169-3FBA27A09816}
		{E7394E0E-F861-4006-A792-AD8931DD72BB} = {A5604C70-A626-45A2-B169-3FBA27A09816}
		{00269E0D-D3D5-4FD2-9E86-190F31A2F94C} = {A59E1477-766F-434A-80ED-D5D1CC2807F4}
		{8ED8026E-BA46-4264-803D-70B82407A23C} = {00269E0D-D3D5-4FD2-9E86-190F31A2F94C}
		{719DBE1D-AE7D-4A5F-8F5C-97D10CD1C7BF} = {00269E0D-D3D5-4FD2-9E86-190F31A2F94C}
		{F9CB8FDA-D5A8-4836-ABE3-DBB107C19480} = {A59E1477-766F-434A-80ED-D5D1CC2807F4}
		{04C3D724-4864-49C5-B7E2-1D083A95C538} = {F9CB8FDA-D5A8-4836-ABE3-DBB107C19480}
		{85886E0D-B9E8-4033-A636-229A16DCB6C3} = {F9CB8FDA-D5A8-4836-ABE3-DBB107C19480}
		{5126F1D8-11FA-433A-ABF5-AEA30AD4D695} = {A59E1477-766F-434A-80ED-D5D1CC2807F4}
		{BE759EAA-85F9-4AF3-A251-9262C3022482} = {5126F1D8-11FA-433A-ABF5-AEA30AD4D695}
		{5BD939DA-1B1D-4E4D-AD2C-7DD609689E36} = {5126F1D8-11FA-433A-ABF5-AEA30AD4D695}
		{F6629A38-0B98-4848-936F-83601567DBB4} = {36E9AF7E-D439-4D2C-824D-2E55A80CD99C}
		{150FB091-1228-457C-BCCF-DC284F05FA31} = {F6629A38-0B98-4848-936F-83601567DBB4}
		{9C678BF9-6D67-4D5E-B631-30AD4F72C444} = {66C1980A-5ECA-42A5-914B-833BEE4F6807}
		{9FD3F1FA-E2AD-436F-8E8B-32936E90483E} = {66C1980A-5ECA-42A5-914B-833BEE4F6807}
		{A814B52D-BAD4-4782-B039-4232646DC599} = {66C1980A-5ECA-42A5-914B-833BEE4F6807}
	EndGlobalSection
	GlobalSection(ExtensibilityGlobals) = postSolution
		SolutionGuid = {2F453631-B0F3-4C5F-8E9A-F1279EE282AD}
	EndGlobalSection
EndGlobal
